set_global_assignment -name FAMILY "MAX V"
set_global_assignment -name DEVICE 5M570ZF256C5
set_global_assignment -name TOP_LEVEL_ENTITY ics

set_global_assignment -name LAST_QUARTUS_VERSION "16.1.0 Lite Edition"
set_global_assignment -name MIN_CORE_JUNCTION_TEMP 0
set_global_assignment -name MAX_CORE_JUNCTION_TEMP 85
set_location_assignment PIN_H5 -to TCK
set_location_assignment PIN_M9 -to TRST